
Microsoft Visual Studio Solution File, Format Version 12.00
# Visual Studio Version 16
VisualStudioVersion = 16.0.29009.5
MinimumVisualStudioVersion = 10.0.40219.1
Project("{FAE04EC0-301F-11D3-BF4B-00C04F79EFBC}") = "R19_BW_laczenia", "R19_BW_laczenia\R19_BW_laczenia.csproj", "{7D2C0C6C-F9E7-479C-A73F-E8B5CCE6BBFC}"
EndProject
Project("{2150E333-8FDC-42A3-9474-1A3956D46DE8}") = "Solution Items", "Solution Items", "{620473F0-8C11-447E-8103-9CBE4D26CB17}"
	ProjectSection(SolutionItems) = preProject
		Changelog.txt = Changelog.txt
		NarzedzieBW_R_19.zip = NarzedzieBW_R_19.zip
		R19_BW_laczenia.zip = R19_BW_laczenia.zip
		R19_BW_laczenia_v2_9_1.zip = R19_BW_laczenia_v2_9_1.zip
		README.md = README.md
	EndProjectSection
EndProject
Project("{FAE04EC0-301F-11D3-BF4B-00C04F79EFBC}") = "Narzędzie Blood Wars - R19", "Narzędzie Blood Wars - R19\Narzędzie Blood Wars - R19.csproj", "{9FE96699-0893-4E9C-9209-06A340177BB0}"
EndProject
Project("{2150E333-8FDC-42A3-9474-1A3956D46DE8}") = "Graphics", "Graphics", "{6C203167-B30D-420E-AEA0-F2704793204F}"
	ProjectSection(SolutionItems) = preProject
		Graphics\Background_black.png = Graphics\Background_black.png
		Graphics\Help_icon.ico = Graphics\Help_icon.ico
		Graphics\Help_icon.xcf = Graphics\Help_icon.xcf
		Graphics\Icon.ico = Graphics\Icon.ico
		Graphics\Icon.xcf = Graphics\Icon.xcf
		Graphics\README.txt = Graphics\README.txt
		Graphics\Table_icon.ico = Graphics\Table_icon.ico
		Graphics\Table_icon.xcf = Graphics\Table_icon.xcf
	EndProjectSection
EndProject
Global
	GlobalSection(SolutionConfigurationPlatforms) = preSolution
		Debug|Any CPU = Debug|Any CPU
		Release|Any CPU = Release|Any CPU
	EndGlobalSection
	GlobalSection(ProjectConfigurationPlatforms) = postSolution
		{7D2C0C6C-F9E7-479C-A73F-E8B5CCE6BBFC}.Debug|Any CPU.ActiveCfg = Debug|Any CPU
		{7D2C0C6C-F9E7-479C-A73F-E8B5CCE6BBFC}.Debug|Any CPU.Build.0 = Debug|Any CPU
		{7D2C0C6C-F9E7-479C-A73F-E8B5CCE6BBFC}.Release|Any CPU.ActiveCfg = Release|Any CPU
		{7D2C0C6C-F9E7-479C-A73F-E8B5CCE6BBFC}.Release|Any CPU.Build.0 = Release|Any CPU
		{9FE96699-0893-4E9C-9209-06A340177BB0}.Debug|Any CPU.ActiveCfg = Debug|Any CPU
		{9FE96699-0893-4E9C-9209-06A340177BB0}.Debug|Any CPU.Build.0 = Debug|Any CPU
		{9FE96699-0893-4E9C-9209-06A340177BB0}.Release|Any CPU.ActiveCfg = Release|Any CPU
		{9FE96699-0893-4E9C-9209-06A340177BB0}.Release|Any CPU.Build.0 = Release|Any CPU
	EndGlobalSection
	GlobalSection(SolutionProperties) = preSolution
		HideSolutionNode = FALSE
	EndGlobalSection
	GlobalSection(ExtensibilityGlobals) = postSolution
		SolutionGuid = {7BBDC5DE-0925-4C5D-8DDB-893E6AC4AD90}
	EndGlobalSection
	GlobalSection(Performance) = preSolution
		HasPerformanceSessions = true
	EndGlobalSection
EndGlobal
